
Microsoft Visual Studio Solution File, Format Version 12.00
# Visual Studio Version 17
VisualStudioVersion = 17.14.36310.24
MinimumVisualStudioVersion = 10.0.40219.1
Project("{FAE04EC0-301F-11D3-BF4B-00C04F79EFBC}") = "PoliMarket", "PoliMarket.csproj", "{D018173A-F07B-4659-9D17-27EAB02D22DE}"
EndProject
Project("{2150E333-8FDC-42A3-9474-1A3956D46DE8}") = "Entities", "Entities", "{02EA681E-C7D8-13C7-8484-4AC65E1B71E8}"
EndProject
Project("{FAE04EC0-301F-11D3-BF4B-00C04F79EFBC}") = "Entities", "..\Entities\Entities.csproj", "{1B73E41C-C681-433F-965A-275F04BE69F4}"
EndProject
Project("{2150E333-8FDC-42A3-9474-1A3956D46DE8}") = "Business", "Business", "{0AC6AD3D-4A13-427C-A074-3A8567219CCF}"
EndProject
Project("{2150E333-8FDC-42A3-9474-1A3956D46DE8}") = "DAL", "DAL", "{0E4C7374-3615-4255-8CE1-D9C46968CCCC}"
EndProject
Project("{FAE04EC0-301F-11D3-BF4B-00C04F79EFBC}") = "DataAccessLayer", "..\DataAccessLayer\DataAccessLayer.csproj", "{3D8E7221-595F-4189-A96C-9C5A96865CE2}"
EndProject
Project("{2150E333-8FDC-42A3-9474-1A3956D46DE8}") = "Facade", "Facade", "{13F41BDA-4788-4438-A359-B5F588381CCB}"
EndProject
Project("{FAE04EC0-301F-11D3-BF4B-00C04F79EFBC}") = "ClienteBL", "..\ClienteBL\ClienteBL.csproj", "{53060C2A-E80B-42E3-BFA2-1A3D3B3A137E}"
EndProject
Project("{FAE04EC0-301F-11D3-BF4B-00C04F79EFBC}") = "EmpleadoBL", "..\EmpleadoBL\EmpleadoBL.csproj", "{753BF4B1-2362-4C34-A893-5DF842200DE1}"
EndProject
Project("{FAE04EC0-301F-11D3-BF4B-00C04F79EFBC}") = "ProductoBL", "..\ProductoBL\ProductoBL.csproj", "{648DDA28-B011-4D84-9029-5F81CD2C430D}"
EndProject
Project("{FAE04EC0-301F-11D3-BF4B-00C04F79EFBC}") = "SeguridadBL", "..\SeguridadBL\SeguridadBL.csproj", "{EC69C012-0142-4AE7-BAC0-CEA1ADEB1AEA}"
EndProject
Project("{FAE04EC0-301F-11D3-BF4B-00C04F79EFBC}") = "LoginDAL", "..\LoginDAL\LoginDAL.csproj", "{C578D938-52CE-439B-BBBA-0F470CF7548A}"
EndProject
Project("{FAE04EC0-301F-11D3-BF4B-00C04F79EFBC}") = "UtilidadesDAL", "..\UtilidadesDAL\UtilidadesDAL.csproj", "{72D5B7BB-ED52-46C5-9DF1-6CC36A42C2C2}"
EndProject
Project("{FAE04EC0-301F-11D3-BF4B-00C04F79EFBC}") = "TareaDAL", "..\TareaDAL\TareaDAL.csproj", "{FB5EF13A-BF8D-4CF6-BFAC-79AE633C5259}"
EndProject
Project("{FAE04EC0-301F-11D3-BF4B-00C04F79EFBC}") = "EmpleadoDAL", "..\EmpleadoDAL\EmpleadoDAL.csproj", "{0CC09006-B350-4605-933E-EEC5292360DF}"
EndProject
Project("{FAE04EC0-301F-11D3-BF4B-00C04F79EFBC}") = "EntregaDAL", "..\EnvioDAL\EntregaDAL.csproj", "{2BD24B30-0F35-4ACB-B4F7-D5DBF693845D}"
EndProject
Project("{FAE04EC0-301F-11D3-BF4B-00C04F79EFBC}") = "ProductoDAL", "..\ProductoDAL\ProductoDAL.csproj", "{65FCB3D6-4F10-4DF2-9100-062FCC78B334}"
EndProject
Project("{FAE04EC0-301F-11D3-BF4B-00C04F79EFBC}") = "VentaDAL", "..\VentaDAL\VentaDAL.csproj", "{A4EE7648-1749-4DDA-B3BC-A7B27B42B2D8}"
EndProject
Project("{FAE04EC0-301F-11D3-BF4B-00C04F79EFBC}") = "ClienteDAL", "..\ClienteDAL\ClienteDAL.csproj", "{3E933639-444B-4BAB-8370-F7DC150B2A15}"
EndProject
Project("{FAE04EC0-301F-11D3-BF4B-00C04F79EFBC}") = "TareaBL", "..\TareaBL\TareaBL.csproj", "{FF29585D-9CFC-4B31-92DE-B2F623CF2675}"
EndProject
Project("{FAE04EC0-301F-11D3-BF4B-00C04F79EFBC}") = "AdministrativoFacade", "..\AdministrativoFacade\AdministrativoFacade.csproj", "{B71D1E48-88E9-4894-9C98-1883FCA75D54}"
EndProject
Project("{FAE04EC0-301F-11D3-BF4B-00C04F79EFBC}") = "VentaFacade", "..\VentaFacade\VentaFacade.csproj", "{7349BDDA-9349-47E0-9ED1-12F534011794}"
EndProject
Project("{FAE04EC0-301F-11D3-BF4B-00C04F79EFBC}") = "BodegaFacade", "..\BodegaFacade\BodegaFacade.csproj", "{1B1655CE-9F43-4654-8AEC-427634319A42}"
EndProject
Project("{FAE04EC0-301F-11D3-BF4B-00C04F79EFBC}") = "EntregaFacade", "..\EntregaFacade\EntregaFacade.csproj", "{72122641-14C6-412B-83DD-7FE90F9F08F1}"
EndProject
Project("{FAE04EC0-301F-11D3-BF4B-00C04F79EFBC}") = "SeguridadFacade", "..\SeguridadFacade\SeguridadFacade.csproj", "{F9CA0D32-5A3B-4C59-AED0-B42D1D9A9E17}"
EndProject
Project("{FAE04EC0-301F-11D3-BF4B-00C04F79EFBC}") = "VentaBL", "..\VentaBL\VentaBL.csproj", "{CA10EB28-5E9A-4BD2-9780-6972319DB0B4}"
EndProject
Project("{FAE04EC0-301F-11D3-BF4B-00C04F79EFBC}") = "EntregaBL", "..\EntregaBL\EntregaBL.csproj", "{9649A522-4034-4A70-B14B-93F5B452DCCB}"
EndProject
Project("{FAE04EC0-301F-11D3-BF4B-00C04F79EFBC}") = "ProveedorDAL", "..\ProveedorDAL\ProveedorDAL.csproj", "{EDE07055-09FE-455C-AA49-B127A26D93F5}"
EndProject
Project("{FAE04EC0-301F-11D3-BF4B-00C04F79EFBC}") = "ProveedorBL", "..\ProveedorBL\ProveedorBL.csproj", "{EE5F30F3-9BD5-4CF9-9E3E-786749386E75}"
EndProject
Project("{FAE04EC0-301F-11D3-BF4B-00C04F79EFBC}") = "ProveedorFacade", "..\ProveedorFacade\ProveedorFacade.csproj", "{649E68F6-8229-4313-B353-769DF0ADE545}"
EndProject
Global
	GlobalSection(SolutionConfigurationPlatforms) = preSolution
		Debug|Any CPU = Debug|Any CPU
		Release|Any CPU = Release|Any CPU
	EndGlobalSection
	GlobalSection(ProjectConfigurationPlatforms) = postSolution
		{D018173A-F07B-4659-9D17-27EAB02D22DE}.Debug|Any CPU.ActiveCfg = Debug|Any CPU
		{D018173A-F07B-4659-9D17-27EAB02D22DE}.Debug|Any CPU.Build.0 = Debug|Any CPU
		{D018173A-F07B-4659-9D17-27EAB02D22DE}.Release|Any CPU.ActiveCfg = Release|Any CPU
		{D018173A-F07B-4659-9D17-27EAB02D22DE}.Release|Any CPU.Build.0 = Release|Any CPU
		{1B73E41C-C681-433F-965A-275F04BE69F4}.Debug|Any CPU.ActiveCfg = Debug|Any CPU
		{1B73E41C-C681-433F-965A-275F04BE69F4}.Debug|Any CPU.Build.0 = Debug|Any CPU
		{1B73E41C-C681-433F-965A-275F04BE69F4}.Release|Any CPU.ActiveCfg = Release|Any CPU
		{1B73E41C-C681-433F-965A-275F04BE69F4}.Release|Any CPU.Build.0 = Release|Any CPU
		{3D8E7221-595F-4189-A96C-9C5A96865CE2}.Debug|Any CPU.ActiveCfg = Debug|Any CPU
		{3D8E7221-595F-4189-A96C-9C5A96865CE2}.Debug|Any CPU.Build.0 = Debug|Any CPU
		{3D8E7221-595F-4189-A96C-9C5A96865CE2}.Release|Any CPU.ActiveCfg = Release|Any CPU
		{3D8E7221-595F-4189-A96C-9C5A96865CE2}.Release|Any CPU.Build.0 = Release|Any CPU
		{53060C2A-E80B-42E3-BFA2-1A3D3B3A137E}.Debug|Any CPU.ActiveCfg = Debug|Any CPU
		{53060C2A-E80B-42E3-BFA2-1A3D3B3A137E}.Debug|Any CPU.Build.0 = Debug|Any CPU
		{53060C2A-E80B-42E3-BFA2-1A3D3B3A137E}.Release|Any CPU.ActiveCfg = Release|Any CPU
		{53060C2A-E80B-42E3-BFA2-1A3D3B3A137E}.Release|Any CPU.Build.0 = Release|Any CPU
		{753BF4B1-2362-4C34-A893-5DF842200DE1}.Debug|Any CPU.ActiveCfg = Debug|Any CPU
		{753BF4B1-2362-4C34-A893-5DF842200DE1}.Debug|Any CPU.Build.0 = Debug|Any CPU
		{753BF4B1-2362-4C34-A893-5DF842200DE1}.Release|Any CPU.ActiveCfg = Release|Any CPU
		{753BF4B1-2362-4C34-A893-5DF842200DE1}.Release|Any CPU.Build.0 = Release|Any CPU
		{648DDA28-B011-4D84-9029-5F81CD2C430D}.Debug|Any CPU.ActiveCfg = Debug|Any CPU
		{648DDA28-B011-4D84-9029-5F81CD2C430D}.Debug|Any CPU.Build.0 = Debug|Any CPU
		{648DDA28-B011-4D84-9029-5F81CD2C430D}.Release|Any CPU.ActiveCfg = Release|Any CPU
		{648DDA28-B011-4D84-9029-5F81CD2C430D}.Release|Any CPU.Build.0 = Release|Any CPU
		{EC69C012-0142-4AE7-BAC0-CEA1ADEB1AEA}.Debug|Any CPU.ActiveCfg = Debug|Any CPU
		{EC69C012-0142-4AE7-BAC0-CEA1ADEB1AEA}.Debug|Any CPU.Build.0 = Debug|Any CPU
		{EC69C012-0142-4AE7-BAC0-CEA1ADEB1AEA}.Release|Any CPU.ActiveCfg = Release|Any CPU
		{EC69C012-0142-4AE7-BAC0-CEA1ADEB1AEA}.Release|Any CPU.Build.0 = Release|Any CPU
		{C578D938-52CE-439B-BBBA-0F470CF7548A}.Debug|Any CPU.ActiveCfg = Debug|Any CPU
		{C578D938-52CE-439B-BBBA-0F470CF7548A}.Debug|Any CPU.Build.0 = Debug|Any CPU
		{C578D938-52CE-439B-BBBA-0F470CF7548A}.Release|Any CPU.ActiveCfg = Release|Any CPU
		{C578D938-52CE-439B-BBBA-0F470CF7548A}.Release|Any CPU.Build.0 = Release|Any CPU
		{72D5B7BB-ED52-46C5-9DF1-6CC36A42C2C2}.Debug|Any CPU.ActiveCfg = Debug|Any CPU
		{72D5B7BB-ED52-46C5-9DF1-6CC36A42C2C2}.Debug|Any CPU.Build.0 = Debug|Any CPU
		{72D5B7BB-ED52-46C5-9DF1-6CC36A42C2C2}.Release|Any CPU.ActiveCfg = Release|Any CPU
		{72D5B7BB-ED52-46C5-9DF1-6CC36A42C2C2}.Release|Any CPU.Build.0 = Release|Any CPU
		{FB5EF13A-BF8D-4CF6-BFAC-79AE633C5259}.Debug|Any CPU.ActiveCfg = Debug|Any CPU
		{FB5EF13A-BF8D-4CF6-BFAC-79AE633C5259}.Debug|Any CPU.Build.0 = Debug|Any CPU
		{FB5EF13A-BF8D-4CF6-BFAC-79AE633C5259}.Release|Any CPU.ActiveCfg = Release|Any CPU
		{FB5EF13A-BF8D-4CF6-BFAC-79AE633C5259}.Release|Any CPU.Build.0 = Release|Any CPU
		{0CC09006-B350-4605-933E-EEC5292360DF}.Debug|Any CPU.ActiveCfg = Debug|Any CPU
		{0CC09006-B350-4605-933E-EEC5292360DF}.Debug|Any CPU.Build.0 = Debug|Any CPU
		{0CC09006-B350-4605-933E-EEC5292360DF}.Release|Any CPU.ActiveCfg = Release|Any CPU
		{0CC09006-B350-4605-933E-EEC5292360DF}.Release|Any CPU.Build.0 = Release|Any CPU
		{2BD24B30-0F35-4ACB-B4F7-D5DBF693845D}.Debug|Any CPU.ActiveCfg = Debug|Any CPU
		{2BD24B30-0F35-4ACB-B4F7-D5DBF693845D}.Debug|Any CPU.Build.0 = Debug|Any CPU
		{2BD24B30-0F35-4ACB-B4F7-D5DBF693845D}.Release|Any CPU.ActiveCfg = Release|Any CPU
		{2BD24B30-0F35-4ACB-B4F7-D5DBF693845D}.Release|Any CPU.Build.0 = Release|Any CPU
		{65FCB3D6-4F10-4DF2-9100-062FCC78B334}.Debug|Any CPU.ActiveCfg = Debug|Any CPU
		{65FCB3D6-4F10-4DF2-9100-062FCC78B334}.Debug|Any CPU.Build.0 = Debug|Any CPU
		{65FCB3D6-4F10-4DF2-9100-062FCC78B334}.Release|Any CPU.ActiveCfg = Release|Any CPU
		{65FCB3D6-4F10-4DF2-9100-062FCC78B334}.Release|Any CPU.Build.0 = Release|Any CPU
		{A4EE7648-1749-4DDA-B3BC-A7B27B42B2D8}.Debug|Any CPU.ActiveCfg = Debug|Any CPU
		{A4EE7648-1749-4DDA-B3BC-A7B27B42B2D8}.Debug|Any CPU.Build.0 = Debug|Any CPU
		{A4EE7648-1749-4DDA-B3BC-A7B27B42B2D8}.Release|Any CPU.ActiveCfg = Release|Any CPU
		{A4EE7648-1749-4DDA-B3BC-A7B27B42B2D8}.Release|Any CPU.Build.0 = Release|Any CPU
		{3E933639-444B-4BAB-8370-F7DC150B2A15}.Debug|Any CPU.ActiveCfg = Debug|Any CPU
		{3E933639-444B-4BAB-8370-F7DC150B2A15}.Debug|Any CPU.Build.0 = Debug|Any CPU
		{3E933639-444B-4BAB-8370-F7DC150B2A15}.Release|Any CPU.ActiveCfg = Release|Any CPU
		{3E933639-444B-4BAB-8370-F7DC150B2A15}.Release|Any CPU.Build.0 = Release|Any CPU
		{FF29585D-9CFC-4B31-92DE-B2F623CF2675}.Debug|Any CPU.ActiveCfg = Debug|Any CPU
		{FF29585D-9CFC-4B31-92DE-B2F623CF2675}.Debug|Any CPU.Build.0 = Debug|Any CPU
		{FF29585D-9CFC-4B31-92DE-B2F623CF2675}.Release|Any CPU.ActiveCfg = Release|Any CPU
		{FF29585D-9CFC-4B31-92DE-B2F623CF2675}.Release|Any CPU.Build.0 = Release|Any CPU
		{B71D1E48-88E9-4894-9C98-1883FCA75D54}.Debug|Any CPU.ActiveCfg = Debug|Any CPU
		{B71D1E48-88E9-4894-9C98-1883FCA75D54}.Debug|Any CPU.Build.0 = Debug|Any CPU
		{B71D1E48-88E9-4894-9C98-1883FCA75D54}.Release|Any CPU.ActiveCfg = Release|Any CPU
		{B71D1E48-88E9-4894-9C98-1883FCA75D54}.Release|Any CPU.Build.0 = Release|Any CPU
		{7349BDDA-9349-47E0-9ED1-12F534011794}.Debug|Any CPU.ActiveCfg = Debug|Any CPU
		{7349BDDA-9349-47E0-9ED1-12F534011794}.Debug|Any CPU.Build.0 = Debug|Any CPU
		{7349BDDA-9349-47E0-9ED1-12F534011794}.Release|Any CPU.ActiveCfg = Release|Any CPU
		{7349BDDA-9349-47E0-9ED1-12F534011794}.Release|Any CPU.Build.0 = Release|Any CPU
		{1B1655CE-9F43-4654-8AEC-427634319A42}.Debug|Any CPU.ActiveCfg = Debug|Any CPU
		{1B1655CE-9F43-4654-8AEC-427634319A42}.Debug|Any CPU.Build.0 = Debug|Any CPU
		{1B1655CE-9F43-4654-8AEC-427634319A42}.Release|Any CPU.ActiveCfg = Release|Any CPU
		{1B1655CE-9F43-4654-8AEC-427634319A42}.Release|Any CPU.Build.0 = Release|Any CPU
		{72122641-14C6-412B-83DD-7FE90F9F08F1}.Debug|Any CPU.ActiveCfg = Debug|Any CPU
		{72122641-14C6-412B-83DD-7FE90F9F08F1}.Debug|Any CPU.Build.0 = Debug|Any CPU
		{72122641-14C6-412B-83DD-7FE90F9F08F1}.Release|Any CPU.ActiveCfg = Release|Any CPU
		{72122641-14C6-412B-83DD-7FE90F9F08F1}.Release|Any CPU.Build.0 = Release|Any CPU
		{F9CA0D32-5A3B-4C59-AED0-B42D1D9A9E17}.Debug|Any CPU.ActiveCfg = Debug|Any CPU
		{F9CA0D32-5A3B-4C59-AED0-B42D1D9A9E17}.Debug|Any CPU.Build.0 = Debug|Any CPU
		{F9CA0D32-5A3B-4C59-AED0-B42D1D9A9E17}.Release|Any CPU.ActiveCfg = Release|Any CPU
		{F9CA0D32-5A3B-4C59-AED0-B42D1D9A9E17}.Release|Any CPU.Build.0 = Release|Any CPU
		{CA10EB28-5E9A-4BD2-9780-6972319DB0B4}.Debug|Any CPU.ActiveCfg = Debug|Any CPU
		{CA10EB28-5E9A-4BD2-9780-6972319DB0B4}.Debug|Any CPU.Build.0 = Debug|Any CPU
		{CA10EB28-5E9A-4BD2-9780-6972319DB0B4}.Release|Any CPU.ActiveCfg = Release|Any CPU
		{CA10EB28-5E9A-4BD2-9780-6972319DB0B4}.Release|Any CPU.Build.0 = Release|Any CPU
		{9649A522-4034-4A70-B14B-93F5B452DCCB}.Debug|Any CPU.ActiveCfg = Debug|Any CPU
		{9649A522-4034-4A70-B14B-93F5B452DCCB}.Debug|Any CPU.Build.0 = Debug|Any CPU
		{9649A522-4034-4A70-B14B-93F5B452DCCB}.Release|Any CPU.ActiveCfg = Release|Any CPU
		{9649A522-4034-4A70-B14B-93F5B452DCCB}.Release|Any CPU.Build.0 = Release|Any CPU
		{EDE07055-09FE-455C-AA49-B127A26D93F5}.Debug|Any CPU.ActiveCfg = Debug|Any CPU
		{EDE07055-09FE-455C-AA49-B127A26D93F5}.Debug|Any CPU.Build.0 = Debug|Any CPU
		{EDE07055-09FE-455C-AA49-B127A26D93F5}.Release|Any CPU.ActiveCfg = Release|Any CPU
		{EDE07055-09FE-455C-AA49-B127A26D93F5}.Release|Any CPU.Build.0 = Release|Any CPU
		{EE5F30F3-9BD5-4CF9-9E3E-786749386E75}.Debug|Any CPU.ActiveCfg = Debug|Any CPU
		{EE5F30F3-9BD5-4CF9-9E3E-786749386E75}.Debug|Any CPU.Build.0 = Debug|Any CPU
		{EE5F30F3-9BD5-4CF9-9E3E-786749386E75}.Release|Any CPU.ActiveCfg = Release|Any CPU
		{EE5F30F3-9BD5-4CF9-9E3E-786749386E75}.Release|Any CPU.Build.0 = Release|Any CPU
		{649E68F6-8229-4313-B353-769DF0ADE545}.Debug|Any CPU.ActiveCfg = Debug|Any CPU
		{649E68F6-8229-4313-B353-769DF0ADE545}.Debug|Any CPU.Build.0 = Debug|Any CPU
		{649E68F6-8229-4313-B353-769DF0ADE545}.Release|Any CPU.ActiveCfg = Release|Any CPU
		{649E68F6-8229-4313-B353-769DF0ADE545}.Release|Any CPU.Build.0 = Release|Any CPU
	EndGlobalSection
	GlobalSection(SolutionProperties) = preSolution
		HideSolutionNode = FALSE
	EndGlobalSection
	GlobalSection(NestedProjects) = preSolution
		{1B73E41C-C681-433F-965A-275F04BE69F4} = {02EA681E-C7D8-13C7-8484-4AC65E1B71E8}
		{3D8E7221-595F-4189-A96C-9C5A96865CE2} = {0E4C7374-3615-4255-8CE1-D9C46968CCCC}
		{53060C2A-E80B-42E3-BFA2-1A3D3B3A137E} = {0AC6AD3D-4A13-427C-A074-3A8567219CCF}
		{753BF4B1-2362-4C34-A893-5DF842200DE1} = {0AC6AD3D-4A13-427C-A074-3A8567219CCF}
		{648DDA28-B011-4D84-9029-5F81CD2C430D} = {0AC6AD3D-4A13-427C-A074-3A8567219CCF}
		{EC69C012-0142-4AE7-BAC0-CEA1ADEB1AEA} = {0AC6AD3D-4A13-427C-A074-3A8567219CCF}
		{C578D938-52CE-439B-BBBA-0F470CF7548A} = {0E4C7374-3615-4255-8CE1-D9C46968CCCC}
		{72D5B7BB-ED52-46C5-9DF1-6CC36A42C2C2} = {0E4C7374-3615-4255-8CE1-D9C46968CCCC}
		{FB5EF13A-BF8D-4CF6-BFAC-79AE633C5259} = {0E4C7374-3615-4255-8CE1-D9C46968CCCC}
		{0CC09006-B350-4605-933E-EEC5292360DF} = {0E4C7374-3615-4255-8CE1-D9C46968CCCC}
		{2BD24B30-0F35-4ACB-B4F7-D5DBF693845D} = {0E4C7374-3615-4255-8CE1-D9C46968CCCC}
		{65FCB3D6-4F10-4DF2-9100-062FCC78B334} = {0E4C7374-3615-4255-8CE1-D9C46968CCCC}
		{A4EE7648-1749-4DDA-B3BC-A7B27B42B2D8} = {0E4C7374-3615-4255-8CE1-D9C46968CCCC}
		{3E933639-444B-4BAB-8370-F7DC150B2A15} = {0E4C7374-3615-4255-8CE1-D9C46968CCCC}
		{FF29585D-9CFC-4B31-92DE-B2F623CF2675} = {0AC6AD3D-4A13-427C-A074-3A8567219CCF}
		{B71D1E48-88E9-4894-9C98-1883FCA75D54} = {13F41BDA-4788-4438-A359-B5F588381CCB}
		{7349BDDA-9349-47E0-9ED1-12F534011794} = {13F41BDA-4788-4438-A359-B5F588381CCB}
		{1B1655CE-9F43-4654-8AEC-427634319A42} = {13F41BDA-4788-4438-A359-B5F588381CCB}
		{72122641-14C6-412B-83DD-7FE90F9F08F1} = {13F41BDA-4788-4438-A359-B5F588381CCB}
		{F9CA0D32-5A3B-4C59-AED0-B42D1D9A9E17} = {13F41BDA-4788-4438-A359-B5F588381CCB}
		{CA10EB28-5E9A-4BD2-9780-6972319DB0B4} = {0AC6AD3D-4A13-427C-A074-3A8567219CCF}
		{9649A522-4034-4A70-B14B-93F5B452DCCB} = {0AC6AD3D-4A13-427C-A074-3A8567219CCF}
		{EDE07055-09FE-455C-AA49-B127A26D93F5} = {0E4C7374-3615-4255-8CE1-D9C46968CCCC}
		{EE5F30F3-9BD5-4CF9-9E3E-786749386E75} = {0AC6AD3D-4A13-427C-A074-3A8567219CCF}
		{649E68F6-8229-4313-B353-769DF0ADE545} = {13F41BDA-4788-4438-A359-B5F588381CCB}
	EndGlobalSection
	GlobalSection(ExtensibilityGlobals) = postSolution
		SolutionGuid = {ADBABB98-CD44-4E14-A354-79290F218EEB}
	EndGlobalSection
EndGlobal
